
Microsoft Visual Studio Solution File, Format Version 12.00
# Visual Studio 15
VisualStudioVersion = 15.0.27703.2000
MinimumVisualStudioVersion = 10.0.40219.1
Project("{FAE04EC0-301F-11D3-BF4B-00C04F79EFBC}") = "WindowsFormsApp7", "WindowsFormsApp7\WindowsFormsApp7.csproj", "{4DFBCD79-7F40-4DA3-9C71-23792F6D0CAA}"
EndProject
Global
	GlobalSection(SolutionConfigurationPlatforms) = preSolution
		Debug|Any CPU = Debug|Any CPU
		Release|Any CPU = Release|Any CPU
	EndGlobalSection
	GlobalSection(ProjectConfigurationPlatforms) = postSolution
		{4DFBCD79-7F40-4DA3-9C71-23792F6D0CAA}.Debug|Any CPU.ActiveCfg = Debug|Any CPU
		{4DFBCD79-7F40-4DA3-9C71-23792F6D0CAA}.Debug|Any CPU.Build.0 = Debug|Any CPU
		{4DFBCD79-7F40-4DA3-9C71-23792F6D0CAA}.Release|Any CPU.ActiveCfg = Release|Any CPU
		{4DFBCD79-7F40-4DA3-9C71-23792F6D0CAA}.Release|Any CPU.Build.0 = Release|Any CPU
	EndGlobalSection
	GlobalSection(SolutionProperties) = preSolution
		HideSolutionNode = FALSE
	EndGlobalSection
	GlobalSection(ExtensibilityGlobals) = postSolution
		SolutionGuid = {A73C5056-3CEA-4CBF-94C4-8C007FF9ABCE}
	EndGlobalSection
EndGlobal
